
Microsoft Visual Studio Solution File, Format Version 12.00
# Visual Studio Version 17
VisualStudioVersion = 17.10.35004.147
MinimumVisualStudioVersion = 10.0.40219.1
Project("{FAE04EC0-301F-11D3-BF4B-00C04F79EFBC}") = "Interface_Product", "Interface_Product\Interface_Product.csproj", "{62A89311-0188-4C7B-B2A4-E7A32E182B06}"
EndProject
Global
	GlobalSection(SolutionConfigurationPlatforms) = preSolution
		Debug|Any CPU = Debug|Any CPU
		Release|Any CPU = Release|Any CPU
	EndGlobalSection
	GlobalSection(ProjectConfigurationPlatforms) = postSolution
		{62A89311-0188-4C7B-B2A4-E7A32E182B06}.Debug|Any CPU.ActiveCfg = Debug|Any CPU
		{62A89311-0188-4C7B-B2A4-E7A32E182B06}.Debug|Any CPU.Build.0 = Debug|Any CPU
		{62A89311-0188-4C7B-B2A4-E7A32E182B06}.Release|Any CPU.ActiveCfg = Release|Any CPU
		{62A89311-0188-4C7B-B2A4-E7A32E182B06}.Release|Any CPU.Build.0 = Release|Any CPU
	EndGlobalSection
	GlobalSection(SolutionProperties) = preSolution
		HideSolutionNode = FALSE
	EndGlobalSection
	GlobalSection(ExtensibilityGlobals) = postSolution
		SolutionGuid = {06B64FFA-B78A-45D0-8657-8F9265352DD6}
	EndGlobalSection
EndGlobal
